// !$*UTF8*$!
{
	archiveVersion = 1;
	classes = {
	};
	objectVersion = 56;
	objects = {

/* Begin PBXBuildFile section */
		35A478792BC67A4E002E3E0D /* AppDelegate.swift in Sources */ = {isa = PBXBuildFile; fileRef = 35A478782BC67A4E002E3E0D /* AppDelegate.swift */; };
		35A4787B2BC67A4E002E3E0D /* SceneDelegate.swift in Sources */ = {isa = PBXBuildFile; fileRef = 35A4787A2BC67A4E002E3E0D /* SceneDelegate.swift */; };
		35A4787D2BC67A4E002E3E0D /* MainViewController.swift in Sources */ = {isa = PBXBuildFile; fileRef = 35A4787C2BC67A4E002E3E0D /* MainViewController.swift */; };
		35A478802BC67A4E002E3E0D /* Main.storyboard in Resources */ = {isa = PBXBuildFile; fileRef = 35A4787E2BC67A4E002E3E0D /* Main.storyboard */; };
		35A478832BC67A4E002E3E0D /* Models.xcdatamodeld in Sources */ = {isa = PBXBuildFile; fileRef = 35A478812BC67A4E002E3E0D /* Models.xcdatamodeld */; };
		35A478852BC67A4F002E3E0D /* Assets.xcassets in Resources */ = {isa = PBXBuildFile; fileRef = 35A478842BC67A4F002E3E0D /* Assets.xcassets */; };
		35A478882BC67A4F002E3E0D /* LaunchScreen.storyboard in Resources */ = {isa = PBXBuildFile; fileRef = 35A478862BC67A4F002E3E0D /* LaunchScreen.storyboard */; };
		35A478942BC68AB9002E3E0D /* SummaryViewController.swift in Sources */ = {isa = PBXBuildFile; fileRef = 35A478932BC68AB9002E3E0D /* SummaryViewController.swift */; };
		35B4E7A22BC8E64100D8B608 /* MessageCell.swift in Sources */ = {isa = PBXBuildFile; fileRef = 35B4E7A12BC8E64100D8B608 /* MessageCell.swift */; };
		35B4E7A42BCA059F00D8B608 /* MessageModels.swift in Sources */ = {isa = PBXBuildFile; fileRef = 35B4E7A32BCA059F00D8B608 /* MessageModels.swift */; };
		35B4E7A62BCCC0BA00D8B608 /* CenteredSectionHeaderView.swift in Sources */ = {isa = PBXBuildFile; fileRef = 35B4E7A52BCCC0BA00D8B608 /* CenteredSectionHeaderView.swift */; };
		35B4E7A82BCCC42F00D8B608 /* MessageInputView.swift in Sources */ = {isa = PBXBuildFile; fileRef = 35B4E7A72BCCC42F00D8B608 /* MessageInputView.swift */; };
		35D3E56A2BC7A38500487F7C /* UIViewExtensions.swift in Sources */ = {isa = PBXBuildFile; fileRef = 35D3E5692BC7A38500487F7C /* UIViewExtensions.swift */; };
		35D3E56C2BC7A8FA00487F7C /* TabBarViewController.swift in Sources */ = {isa = PBXBuildFile; fileRef = 35D3E56B2BC7A8FA00487F7C /* TabBarViewController.swift */; };
		35D3E56E2BC7D20700487F7C /* RoundedTranslucentView.swift in Sources */ = {isa = PBXBuildFile; fileRef = 35D3E56D2BC7D20700487F7C /* RoundedTranslucentView.swift */; };
		35D3E5702BC8070600487F7C /* ChatViewController.swift in Sources */ = {isa = PBXBuildFile; fileRef = 35D3E56F2BC8070600487F7C /* ChatViewController.swift */; };
		35D3E5722BC8076D00487F7C /* DetailViewController.swift in Sources */ = {isa = PBXBuildFile; fileRef = 35D3E5712BC8076D00487F7C /* DetailViewController.swift */; };
/* End PBXBuildFile section */

/* Begin PBXFileReference section */
		35A478752BC67A4E002E3E0D /* Kkugy.app */ = {isa = PBXFileReference; explicitFileType = wrapper.application; includeInIndex = 0; path = Kkugy.app; sourceTree = BUILT_PRODUCTS_DIR; };
		35A478782BC67A4E002E3E0D /* AppDelegate.swift */ = {isa = PBXFileReference; lastKnownFileType = sourcecode.swift; path = AppDelegate.swift; sourceTree = "<group>"; };
		35A4787A2BC67A4E002E3E0D /* SceneDelegate.swift */ = {isa = PBXFileReference; lastKnownFileType = sourcecode.swift; path = SceneDelegate.swift; sourceTree = "<group>"; };
		35A4787C2BC67A4E002E3E0D /* MainViewController.swift */ = {isa = PBXFileReference; lastKnownFileType = sourcecode.swift; path = MainViewController.swift; sourceTree = "<group>"; };
		35A4787F2BC67A4E002E3E0D /* Base */ = {isa = PBXFileReference; lastKnownFileType = file.storyboard; name = Base; path = Base.lproj/Main.storyboard; sourceTree = "<group>"; };
		35A478822BC67A4E002E3E0D /* Kkugy.xcdatamodel */ = {isa = PBXFileReference; lastKnownFileType = wrapper.xcdatamodel; path = Kkugy.xcdatamodel; sourceTree = "<group>"; };
		35A478842BC67A4F002E3E0D /* Assets.xcassets */ = {isa = PBXFileReference; lastKnownFileType = folder.assetcatalog; path = Assets.xcassets; sourceTree = "<group>"; };
		35A478872BC67A4F002E3E0D /* Base */ = {isa = PBXFileReference; lastKnownFileType = file.storyboard; name = Base; path = Base.lproj/LaunchScreen.storyboard; sourceTree = "<group>"; };
		35A478892BC67A4F002E3E0D /* Info.plist */ = {isa = PBXFileReference; lastKnownFileType = text.plist.xml; path = Info.plist; sourceTree = "<group>"; };
		35A478932BC68AB9002E3E0D /* SummaryViewController.swift */ = {isa = PBXFileReference; lastKnownFileType = sourcecode.swift; path = SummaryViewController.swift; sourceTree = "<group>"; };
		35B4E7A12BC8E64100D8B608 /* MessageCell.swift */ = {isa = PBXFileReference; lastKnownFileType = sourcecode.swift; path = MessageCell.swift; sourceTree = "<group>"; };
		35B4E7A32BCA059F00D8B608 /* MessageModels.swift */ = {isa = PBXFileReference; lastKnownFileType = sourcecode.swift; path = MessageModels.swift; sourceTree = "<group>"; };
		35B4E7A52BCCC0BA00D8B608 /* CenteredSectionHeaderView.swift */ = {isa = PBXFileReference; lastKnownFileType = sourcecode.swift; path = CenteredSectionHeaderView.swift; sourceTree = "<group>"; };
		35B4E7A72BCCC42F00D8B608 /* MessageInputView.swift */ = {isa = PBXFileReference; lastKnownFileType = sourcecode.swift; path = MessageInputView.swift; sourceTree = "<group>"; };
		35D3E5692BC7A38500487F7C /* UIViewExtensions.swift */ = {isa = PBXFileReference; lastKnownFileType = sourcecode.swift; path = UIViewExtensions.swift; sourceTree = "<group>"; };
		35D3E56B2BC7A8FA00487F7C /* TabBarViewController.swift */ = {isa = PBXFileReference; lastKnownFileType = sourcecode.swift; path = TabBarViewController.swift; sourceTree = "<group>"; };
		35D3E56D2BC7D20700487F7C /* RoundedTranslucentView.swift */ = {isa = PBXFileReference; lastKnownFileType = sourcecode.swift; path = RoundedTranslucentView.swift; sourceTree = "<group>"; };
		35D3E56F2BC8070600487F7C /* ChatViewController.swift */ = {isa = PBXFileReference; lastKnownFileType = sourcecode.swift; path = ChatViewController.swift; sourceTree = "<group>"; };
		35D3E5712BC8076D00487F7C /* DetailViewController.swift */ = {isa = PBXFileReference; lastKnownFileType = sourcecode.swift; path = DetailViewController.swift; sourceTree = "<group>"; };
/* End PBXFileReference section */

/* Begin PBXFrameworksBuildPhase section */
		35A478722BC67A4E002E3E0D /* Frameworks */ = {
			isa = PBXFrameworksBuildPhase;
			buildActionMask = 2147483647;
			files = (
			);
			runOnlyForDeploymentPostprocessing = 0;
		};
/* End PBXFrameworksBuildPhase section */

/* Begin PBXGroup section */
		35A4786C2BC67A4E002E3E0D = {
			isa = PBXGroup;
			children = (
				35A478772BC67A4E002E3E0D /* Kkugy */,
				35A478762BC67A4E002E3E0D /* Products */,
			);
			sourceTree = "<group>";
		};
		35A478762BC67A4E002E3E0D /* Products */ = {
			isa = PBXGroup;
			children = (
				35A478752BC67A4E002E3E0D /* Kkugy.app */,
			);
			name = Products;
			sourceTree = "<group>";
		};
		35A478772BC67A4E002E3E0D /* Kkugy */ = {
			isa = PBXGroup;
			children = (
				35A478922BC67A7C002E3E0D /* Controllers */,
				35A478912BC67A74002E3E0D /* Networking */,
				35A478902BC67A6F002E3E0D /* Models */,
				35A4788F2BC67A67002E3E0D /* Views */,
				35A478782BC67A4E002E3E0D /* AppDelegate.swift */,
				35A4787A2BC67A4E002E3E0D /* SceneDelegate.swift */,
				35A478842BC67A4F002E3E0D /* Assets.xcassets */,
				35A478862BC67A4F002E3E0D /* LaunchScreen.storyboard */,
				35A478892BC67A4F002E3E0D /* Info.plist */,
			);
			path = Kkugy;
			sourceTree = "<group>";
		};
		35A4788F2BC67A67002E3E0D /* Views */ = {
			isa = PBXGroup;
			children = (
				35D3E5682BC7A33400487F7C /* Extensions */,
				35A4787E2BC67A4E002E3E0D /* Main.storyboard */,
				35D3E56D2BC7D20700487F7C /* RoundedTranslucentView.swift */,
				35B4E7A12BC8E64100D8B608 /* MessageCell.swift */,
				35B4E7A52BCCC0BA00D8B608 /* CenteredSectionHeaderView.swift */,
				35B4E7A72BCCC42F00D8B608 /* MessageInputView.swift */,
			);
			path = Views;
			sourceTree = "<group>";
		};
		35A478902BC67A6F002E3E0D /* Models */ = {
			isa = PBXGroup;
			children = (
				35A478812BC67A4E002E3E0D /* Models.xcdatamodeld */,
				35B4E7A32BCA059F00D8B608 /* MessageModels.swift */,
			);
			path = Models;
			sourceTree = "<group>";
		};
		35A478912BC67A74002E3E0D /* Networking */ = {
			isa = PBXGroup;
			children = (
			);
			path = Networking;
			sourceTree = "<group>";
		};
		35A478922BC67A7C002E3E0D /* Controllers */ = {
			isa = PBXGroup;
			children = (
				35A4787C2BC67A4E002E3E0D /* MainViewController.swift */,
				35A478932BC68AB9002E3E0D /* SummaryViewController.swift */,
				35D3E56B2BC7A8FA00487F7C /* TabBarViewController.swift */,
				35D3E56F2BC8070600487F7C /* ChatViewController.swift */,
				35D3E5712BC8076D00487F7C /* DetailViewController.swift */,
			);
			path = Controllers;
			sourceTree = "<group>";
		};
		35D3E5682BC7A33400487F7C /* Extensions */ = {
			isa = PBXGroup;
			children = (
				35D3E5692BC7A38500487F7C /* UIViewExtensions.swift */,
			);
			path = Extensions;
			sourceTree = "<group>";
		};
/* End PBXGroup section */

/* Begin PBXNativeTarget section */
		35A478742BC67A4E002E3E0D /* Kkugy */ = {
			isa = PBXNativeTarget;
			buildConfigurationList = 35A4788C2BC67A4F002E3E0D /* Build configuration list for PBXNativeTarget "Kkugy" */;
			buildPhases = (
				35A478712BC67A4E002E3E0D /* Sources */,
				35A478722BC67A4E002E3E0D /* Frameworks */,
				35A478732BC67A4E002E3E0D /* Resources */,
			);
			buildRules = (
			);
			dependencies = (
			);
			name = Kkugy;
			productName = Kkugy;
			productReference = 35A478752BC67A4E002E3E0D /* Kkugy.app */;
			productType = "com.apple.product-type.application";
		};
/* End PBXNativeTarget section */

/* Begin PBXProject section */
		35A4786D2BC67A4E002E3E0D /* Project object */ = {
			isa = PBXProject;
			attributes = {
				BuildIndependentTargetsInParallel = 1;
				LastSwiftUpdateCheck = 1520;
				LastUpgradeCheck = 1520;
				TargetAttributes = {
					35A478742BC67A4E002E3E0D = {
						CreatedOnToolsVersion = 15.2;
					};
				};
			};
			buildConfigurationList = 35A478702BC67A4E002E3E0D /* Build configuration list for PBXProject "Kkugy" */;
			compatibilityVersion = "Xcode 14.0";
			developmentRegion = en;
			hasScannedForEncodings = 0;
			knownRegions = (
				en,
				Base,
			);
			mainGroup = 35A4786C2BC67A4E002E3E0D;
			productRefGroup = 35A478762BC67A4E002E3E0D /* Products */;
			projectDirPath = "";
			projectRoot = "";
			targets = (
				35A478742BC67A4E002E3E0D /* Kkugy */,
			);
		};
/* End PBXProject section */

/* Begin PBXResourcesBuildPhase section */
		35A478732BC67A4E002E3E0D /* Resources */ = {
			isa = PBXResourcesBuildPhase;
			buildActionMask = 2147483647;
			files = (
				35A478882BC67A4F002E3E0D /* LaunchScreen.storyboard in Resources */,
				35A478852BC67A4F002E3E0D /* Assets.xcassets in Resources */,
				35A478802BC67A4E002E3E0D /* Main.storyboard in Resources */,
			);
			runOnlyForDeploymentPostprocessing = 0;
		};
/* End PBXResourcesBuildPhase section */

/* Begin PBXSourcesBuildPhase section */
		35A478712BC67A4E002E3E0D /* Sources */ = {
			isa = PBXSourcesBuildPhase;
			buildActionMask = 2147483647;
			files = (
				35B4E7A22BC8E64100D8B608 /* MessageCell.swift in Sources */,
				35B4E7A82BCCC42F00D8B608 /* MessageInputView.swift in Sources */,
				35A4787D2BC67A4E002E3E0D /* MainViewController.swift in Sources */,
				35A478832BC67A4E002E3E0D /* Models.xcdatamodeld in Sources */,
				35A478792BC67A4E002E3E0D /* AppDelegate.swift in Sources */,
				35A4787B2BC67A4E002E3E0D /* SceneDelegate.swift in Sources */,
				35D3E56C2BC7A8FA00487F7C /* TabBarViewController.swift in Sources */,
				35D3E56A2BC7A38500487F7C /* UIViewExtensions.swift in Sources */,
				35D3E56E2BC7D20700487F7C /* RoundedTranslucentView.swift in Sources */,
				35D3E5722BC8076D00487F7C /* DetailViewController.swift in Sources */,
				35D3E5702BC8070600487F7C /* ChatViewController.swift in Sources */,
				35A478942BC68AB9002E3E0D /* SummaryViewController.swift in Sources */,
				35B4E7A42BCA059F00D8B608 /* MessageModels.swift in Sources */,
				35B4E7A62BCCC0BA00D8B608 /* CenteredSectionHeaderView.swift in Sources */,
			);
			runOnlyForDeploymentPostprocessing = 0;
		};
/* End PBXSourcesBuildPhase section */

/* Begin PBXVariantGroup section */
		35A4787E2BC67A4E002E3E0D /* Main.storyboard */ = {
			isa = PBXVariantGroup;
			children = (
				35A4787F2BC67A4E002E3E0D /* Base */,
			);
			name = Main.storyboard;
			sourceTree = "<group>";
		};
		35A478862BC67A4F002E3E0D /* LaunchScreen.storyboard */ = {
			isa = PBXVariantGroup;
			children = (
				35A478872BC67A4F002E3E0D /* Base */,
			);
			name = LaunchScreen.storyboard;
			sourceTree = "<group>";
		};
/* End PBXVariantGroup section */

/* Begin XCBuildConfiguration section */
		35A4788A2BC67A4F002E3E0D /* Debug */ = {
			isa = XCBuildConfiguration;
			buildSettings = {
				ALWAYS_SEARCH_USER_PATHS = NO;
				ASSETCATALOG_COMPILER_GENERATE_SWIFT_ASSET_SYMBOL_EXTENSIONS = YES;
				CLANG_ANALYZER_NONNULL = YES;
				CLANG_ANALYZER_NUMBER_OBJECT_CONVERSION = YES_AGGRESSIVE;
				CLANG_CXX_LANGUAGE_STANDARD = "gnu++20";
				CLANG_ENABLE_MODULES = YES;
				CLANG_ENABLE_OBJC_ARC = YES;
				CLANG_ENABLE_OBJC_WEAK = YES;
				CLANG_WARN_BLOCK_CAPTURE_AUTORELEASING = YES;
				CLANG_WARN_BOOL_CONVERSION = YES;
				CLANG_WARN_COMMA = YES;
				CLANG_WARN_CONSTANT_CONVERSION = YES;
				CLANG_WARN_DEPRECATED_OBJC_IMPLEMENTATIONS = YES;
				CLANG_WARN_DIRECT_OBJC_ISA_USAGE = YES_ERROR;
				CLANG_WARN_DOCUMENTATION_COMMENTS = YES;
				CLANG_WARN_EMPTY_BODY = YES;
				CLANG_WARN_ENUM_CONVERSION = YES;
				CLANG_WARN_INFINITE_RECURSION = YES;
				CLANG_WARN_INT_CONVERSION = YES;
				CLANG_WARN_NON_LITERAL_NULL_CONVERSION = YES;
				CLANG_WARN_OBJC_IMPLICIT_RETAIN_SELF = YES;
				CLANG_WARN_OBJC_LITERAL_CONVERSION = YES;
				CLANG_WARN_OBJC_ROOT_CLASS = YES_ERROR;
				CLANG_WARN_QUOTED_INCLUDE_IN_FRAMEWORK_HEADER = YES;
				CLANG_WARN_RANGE_LOOP_ANALYSIS = YES;
				CLANG_WARN_STRICT_PROTOTYPES = YES;
				CLANG_WARN_SUSPICIOUS_MOVE = YES;
				CLANG_WARN_UNGUARDED_AVAILABILITY = YES_AGGRESSIVE;
				CLANG_WARN_UNREACHABLE_CODE = YES;
				CLANG_WARN__DUPLICATE_METHOD_MATCH = YES;
				COPY_PHASE_STRIP = NO;
				DEBUG_INFORMATION_FORMAT = dwarf;
				ENABLE_STRICT_OBJC_MSGSEND = YES;
				ENABLE_TESTABILITY = YES;
				ENABLE_USER_SCRIPT_SANDBOXING = YES;
				GCC_C_LANGUAGE_STANDARD = gnu17;
				GCC_DYNAMIC_NO_PIC = NO;
				GCC_NO_COMMON_BLOCKS = YES;
				GCC_OPTIMIZATION_LEVEL = 0;
				GCC_PREPROCESSOR_DEFINITIONS = (
					"DEBUG=1",
					"$(inherited)",
				);
				GCC_WARN_64_TO_32_BIT_CONVERSION = YES;
				GCC_WARN_ABOUT_RETURN_TYPE = YES_ERROR;
				GCC_WARN_UNDECLARED_SELECTOR = YES;
				GCC_WARN_UNINITIALIZED_AUTOS = YES_AGGRESSIVE;
				GCC_WARN_UNUSED_FUNCTION = YES;
				GCC_WARN_UNUSED_VARIABLE = YES;
				IPHONEOS_DEPLOYMENT_TARGET = 17.2;
				LOCALIZATION_PREFERS_STRING_CATALOGS = YES;
				MTL_ENABLE_DEBUG_INFO = INCLUDE_SOURCE;
				MTL_FAST_MATH = YES;
				ONLY_ACTIVE_ARCH = YES;
				SDKROOT = iphoneos;
				SWIFT_ACTIVE_COMPILATION_CONDITIONS = "DEBUG $(inherited)";
				SWIFT_OPTIMIZATION_LEVEL = "-Onone";
			};
			name = Debug;
		};
		35A4788B2BC67A4F002E3E0D /* Release */ = {
			isa = XCBuildConfiguration;
			buildSettings = {
				ALWAYS_SEARCH_USER_PATHS = NO;
				ASSETCATALOG_COMPILER_GENERATE_SWIFT_ASSET_SYMBOL_EXTENSIONS = YES;
				CLANG_ANALYZER_NONNULL = YES;
				CLANG_ANALYZER_NUMBER_OBJECT_CONVERSION = YES_AGGRESSIVE;
				CLANG_CXX_LANGUAGE_STANDARD = "gnu++20";
				CLANG_ENABLE_MODULES = YES;
				CLANG_ENABLE_OBJC_ARC = YES;
				CLANG_ENABLE_OBJC_WEAK = YES;
				CLANG_WARN_BLOCK_CAPTURE_AUTORELEASING = YES;
				CLANG_WARN_BOOL_CONVERSION = YES;
				CLANG_WARN_COMMA = YES;
				CLANG_WARN_CONSTANT_CONVERSION = YES;
				CLANG_WARN_DEPRECATED_OBJC_IMPLEMENTATIONS = YES;
				CLANG_WARN_DIRECT_OBJC_ISA_USAGE = YES_ERROR;
				CLANG_WARN_DOCUMENTATION_COMMENTS = YES;
				CLANG_WARN_EMPTY_BODY = YES;
				CLANG_WARN_ENUM_CONVERSION = YES;
				CLANG_WARN_INFINITE_RECURSION = YES;
				CLANG_WARN_INT_CONVERSION = YES;
				CLANG_WARN_NON_LITERAL_NULL_CONVERSION = YES;
				CLANG_WARN_OBJC_IMPLICIT_RETAIN_SELF = YES;
				CLANG_WARN_OBJC_LITERAL_CONVERSION = YES;
				CLANG_WARN_OBJC_ROOT_CLASS = YES_ERROR;
				CLANG_WARN_QUOTED_INCLUDE_IN_FRAMEWORK_HEADER = YES;
				CLANG_WARN_RANGE_LOOP_ANALYSIS = YES;
				CLANG_WARN_STRICT_PROTOTYPES = YES;
				CLANG_WARN_SUSPICIOUS_MOVE = YES;
				CLANG_WARN_UNGUARDED_AVAILABILITY = YES_AGGRESSIVE;
				CLANG_WARN_UNREACHABLE_CODE = YES;
				CLANG_WARN__DUPLICATE_METHOD_MATCH = YES;
				COPY_PHASE_STRIP = NO;
				DEBUG_INFORMATION_FORMAT = "dwarf-with-dsym";
				ENABLE_NS_ASSERTIONS = NO;
				ENABLE_STRICT_OBJC_MSGSEND = YES;
				ENABLE_USER_SCRIPT_SANDBOXING = YES;
				GCC_C_LANGUAGE_STANDARD = gnu17;
				GCC_NO_COMMON_BLOCKS = YES;
				GCC_WARN_64_TO_32_BIT_CONVERSION = YES;
				GCC_WARN_ABOUT_RETURN_TYPE = YES_ERROR;
				GCC_WARN_UNDECLARED_SELECTOR = YES;
				GCC_WARN_UNINITIALIZED_AUTOS = YES_AGGRESSIVE;
				GCC_WARN_UNUSED_FUNCTION = YES;
				GCC_WARN_UNUSED_VARIABLE = YES;
				IPHONEOS_DEPLOYMENT_TARGET = 17.2;
				LOCALIZATION_PREFERS_STRING_CATALOGS = YES;
				MTL_ENABLE_DEBUG_INFO = NO;
				MTL_FAST_MATH = YES;
				SDKROOT = iphoneos;
				SWIFT_COMPILATION_MODE = wholemodule;
				VALIDATE_PRODUCT = YES;
			};
			name = Release;
		};
		35A4788D2BC67A4F002E3E0D /* Debug */ = {
			isa = XCBuildConfiguration;
			buildSettings = {
				ASSETCATALOG_COMPILER_APPICON_NAME = AppIcon;
				ASSETCATALOG_COMPILER_GLOBAL_ACCENT_COLOR_NAME = AccentColor;
				CODE_SIGN_STYLE = Automatic;
				CURRENT_PROJECT_VERSION = 1;
				DEVELOPMENT_TEAM = C3P52YR8KJ;
				GENERATE_INFOPLIST_FILE = YES;
				INFOPLIST_FILE = Kkugy/Info.plist;
				INFOPLIST_KEY_UIApplicationSupportsIndirectInputEvents = YES;
				INFOPLIST_KEY_UILaunchStoryboardName = LaunchScreen;
				INFOPLIST_KEY_UIMainStoryboardFile = Main;
				INFOPLIST_KEY_UISupportedInterfaceOrientations_iPad = "UIInterfaceOrientationPortrait UIInterfaceOrientationPortraitUpsideDown UIInterfaceOrientationLandscapeLeft UIInterfaceOrientationLandscapeRight";
				INFOPLIST_KEY_UISupportedInterfaceOrientations_iPhone = "UIInterfaceOrientationPortrait UIInterfaceOrientationLandscapeLeft UIInterfaceOrientationLandscapeRight";
				LD_RUNPATH_SEARCH_PATHS = (
					"$(inherited)",
					"@executable_path/Frameworks",
				);
				MARKETING_VERSION = 1.0;
				PRODUCT_BUNDLE_IDENTIFIER = shin.Kkugy;
				PRODUCT_NAME = "$(TARGET_NAME)";
				SWIFT_EMIT_LOC_STRINGS = YES;
				SWIFT_VERSION = 5.0;
				TARGETED_DEVICE_FAMILY = "1,2";
			};
			name = Debug;
		};
		35A4788E2BC67A4F002E3E0D /* Release */ = {
			isa = XCBuildConfiguration;
			buildSettings = {
				ASSETCATALOG_COMPILER_APPICON_NAME = AppIcon;
				ASSETCATALOG_COMPILER_GLOBAL_ACCENT_COLOR_NAME = AccentColor;
				CODE_SIGN_STYLE = Automatic;
				CURRENT_PROJECT_VERSION = 1;
				DEVELOPMENT_TEAM = C3P52YR8KJ;
				GENERATE_INFOPLIST_FILE = YES;
				INFOPLIST_FILE = Kkugy/Info.plist;
				INFOPLIST_KEY_UIApplicationSupportsIndirectInputEvents = YES;
				INFOPLIST_KEY_UILaunchStoryboardName = LaunchScreen;
				INFOPLIST_KEY_UIMainStoryboardFile = Main;
				INFOPLIST_KEY_UISupportedInterfaceOrientations_iPad = "UIInterfaceOrientationPortrait UIInterfaceOrientationPortraitUpsideDown UIInterfaceOrientationLandscapeLeft UIInterfaceOrientationLandscapeRight";
				INFOPLIST_KEY_UISupportedInterfaceOrientations_iPhone = "UIInterfaceOrientationPortrait UIInterfaceOrientationLandscapeLeft UIInterfaceOrientationLandscapeRight";
				LD_RUNPATH_SEARCH_PATHS = (
					"$(inherited)",
					"@executable_path/Frameworks",
				);
				MARKETING_VERSION = 1.0;
				PRODUCT_BUNDLE_IDENTIFIER = shin.Kkugy;
				PRODUCT_NAME = "$(TARGET_NAME)";
				SWIFT_EMIT_LOC_STRINGS = YES;
				SWIFT_VERSION = 5.0;
				TARGETED_DEVICE_FAMILY = "1,2";
			};
			name = Release;
		};
/* End XCBuildConfiguration section */

/* Begin XCConfigurationList section */
		35A478702BC67A4E002E3E0D /* Build configuration list for PBXProject "Kkugy" */ = {
			isa = XCConfigurationList;
			buildConfigurations = (
				35A4788A2BC67A4F002E3E0D /* Debug */,
				35A4788B2BC67A4F002E3E0D /* Release */,
			);
			defaultConfigurationIsVisible = 0;
			defaultConfigurationName = Release;
		};
		35A4788C2BC67A4F002E3E0D /* Build configuration list for PBXNativeTarget "Kkugy" */ = {
			isa = XCConfigurationList;
			buildConfigurations = (
				35A4788D2BC67A4F002E3E0D /* Debug */,
				35A4788E2BC67A4F002E3E0D /* Release */,
			);
			defaultConfigurationIsVisible = 0;
			defaultConfigurationName = Release;
		};
/* End XCConfigurationList section */

/* Begin XCVersionGroup section */
		35A478812BC67A4E002E3E0D /* Models.xcdatamodeld */ = {
			isa = XCVersionGroup;
			children = (
				35A478822BC67A4E002E3E0D /* Kkugy.xcdatamodel */,
			);
			currentVersion = 35A478822BC67A4E002E3E0D /* Kkugy.xcdatamodel */;
			path = Models.xcdatamodeld;
			sourceTree = "<group>";
			versionGroupType = wrapper.xcdatamodel;
		};
/* End XCVersionGroup section */
	};
	rootObject = 35A4786D2BC67A4E002E3E0D /* Project object */;
}
